
Microsoft Visual Studio Solution File, Format Version 12.00
# Visual Studio Version 17
VisualStudioVersion = 17.9.34622.214
MinimumVisualStudioVersion = 10.0.40219.1
Project("{9A19103F-16F7-4668-BE54-9A1E7A4F7556}") = "PizzaStore2", "PizzaStore2.csproj", "{1FD4BFDB-3E6F-4B72-B6F5-EF46A54BA036}"
EndProject
Global
	GlobalSection(SolutionConfigurationPlatforms) = preSolution
		Debug|Any CPU = Debug|Any CPU
		Release|Any CPU = Release|Any CPU
	EndGlobalSection
	GlobalSection(ProjectConfigurationPlatforms) = postSolution
		{1FD4BFDB-3E6F-4B72-B6F5-EF46A54BA036}.Debug|Any CPU.ActiveCfg = Debug|Any CPU
		{1FD4BFDB-3E6F-4B72-B6F5-EF46A54BA036}.Debug|Any CPU.Build.0 = Debug|Any CPU
		{1FD4BFDB-3E6F-4B72-B6F5-EF46A54BA036}.Release|Any CPU.ActiveCfg = Release|Any CPU
		{1FD4BFDB-3E6F-4B72-B6F5-EF46A54BA036}.Release|Any CPU.Build.0 = Release|Any CPU
	EndGlobalSection
	GlobalSection(SolutionProperties) = preSolution
		HideSolutionNode = FALSE
	EndGlobalSection
	GlobalSection(ExtensibilityGlobals) = postSolution
		SolutionGuid = {344155EB-F133-4518-8508-5EDCCA148D6F}
	EndGlobalSection
EndGlobal
